
Microsoft Visual Studio Solution File, Format Version 12.00
# Visual Studio Version 16
VisualStudioVersion = 16.0.30517.126
MinimumVisualStudioVersion = 10.0.40219.1
Project("{FAE04EC0-301F-11D3-BF4B-00C04F79EFBC}") = "TriangulateWatchface", "TriangulateWatchface\TriangulateWatchface\TriangulateWatchface.csproj", "{6EA01BF3-4EEB-488F-A659-03F7A429E930}"
EndProject
Project("{2150E333-8FDC-42A3-9474-1A3956D46DE8}") = "Solution Items", "Solution Items", "{19E10074-711B-498A-88D5-4580152A249B}"
	ProjectSection(SolutionItems) = preProject
		.editorconfig = .editorconfig
	EndProjectSection
EndProject
Global
	GlobalSection(SolutionConfigurationPlatforms) = preSolution
		Debug|Any CPU = Debug|Any CPU
		Release|Any CPU = Release|Any CPU
	EndGlobalSection
	GlobalSection(ProjectConfigurationPlatforms) = postSolution
		{6EA01BF3-4EEB-488F-A659-03F7A429E930}.Debug|Any CPU.ActiveCfg = Debug|Any CPU
		{6EA01BF3-4EEB-488F-A659-03F7A429E930}.Debug|Any CPU.Build.0 = Debug|Any CPU
		{6EA01BF3-4EEB-488F-A659-03F7A429E930}.Debug|Any CPU.Deploy.0 = Debug|Any CPU
		{6EA01BF3-4EEB-488F-A659-03F7A429E930}.Release|Any CPU.ActiveCfg = Release|Any CPU
		{6EA01BF3-4EEB-488F-A659-03F7A429E930}.Release|Any CPU.Build.0 = Release|Any CPU
		{6EA01BF3-4EEB-488F-A659-03F7A429E930}.Release|Any CPU.Deploy.0 = Release|Any CPU
	EndGlobalSection
	GlobalSection(SolutionProperties) = preSolution
		HideSolutionNode = FALSE
	EndGlobalSection
	GlobalSection(ExtensibilityGlobals) = postSolution
		SolutionGuid = {7050054E-7603-4C27-B736-492AF637C525}
	EndGlobalSection
EndGlobal
